
Microsoft Visual Studio Solution File, Format Version 12.00
# Visual Studio Version 17
VisualStudioVersion = 17.7.34024.191
MinimumVisualStudioVersion = 10.0.40219.1
Project("{FAE04EC0-301F-11D3-BF4B-00C04F79EFBC}") = "EventsProject", "EventsProject.csproj", "{CBCE96EF-BA36-47E4-88F1-AF405CB56B4C}"
EndProject
Project("{FAE04EC0-301F-11D3-BF4B-00C04F79EFBC}") = "UnitTest", "..\UnitTest\UnitTest.csproj", "{EB6EE52F-123B-4672-84C5-3CFD9CDD6DB5}"
EndProject
Global
	GlobalSection(SolutionConfigurationPlatforms) = preSolution
		Debug|Any CPU = Debug|Any CPU
		Release|Any CPU = Release|Any CPU
	EndGlobalSection
	GlobalSection(ProjectConfigurationPlatforms) = postSolution
		{CBCE96EF-BA36-47E4-88F1-AF405CB56B4C}.Debug|Any CPU.ActiveCfg = Debug|Any CPU
		{CBCE96EF-BA36-47E4-88F1-AF405CB56B4C}.Debug|Any CPU.Build.0 = Debug|Any CPU
		{CBCE96EF-BA36-47E4-88F1-AF405CB56B4C}.Release|Any CPU.ActiveCfg = Release|Any CPU
		{CBCE96EF-BA36-47E4-88F1-AF405CB56B4C}.Release|Any CPU.Build.0 = Release|Any CPU
		{EB6EE52F-123B-4672-84C5-3CFD9CDD6DB5}.Debug|Any CPU.ActiveCfg = Debug|Any CPU
		{EB6EE52F-123B-4672-84C5-3CFD9CDD6DB5}.Debug|Any CPU.Build.0 = Debug|Any CPU
		{EB6EE52F-123B-4672-84C5-3CFD9CDD6DB5}.Release|Any CPU.ActiveCfg = Release|Any CPU
		{EB6EE52F-123B-4672-84C5-3CFD9CDD6DB5}.Release|Any CPU.Build.0 = Release|Any CPU
	EndGlobalSection
	GlobalSection(SolutionProperties) = preSolution
		HideSolutionNode = FALSE
	EndGlobalSection
	GlobalSection(ExtensibilityGlobals) = postSolution
		SolutionGuid = {5FEBE8F2-4F4A-4AC2-BB5C-EF56C5853D59}
	EndGlobalSection
EndGlobal
